// !$*UTF8*$!
{
	archiveVersion = 1;
	classes = {
	};
	objectVersion = 50;
	objects = {

/* Begin PBXBuildFile section */
		F97FF9DE23ACD98E00F2AE5E /* AppDelegate.swift in Sources */ = {isa = PBXBuildFile; fileRef = F97FF9DD23ACD98E00F2AE5E /* AppDelegate.swift */; };
		F97FF9E023ACD98E00F2AE5E /* ViewController.swift in Sources */ = {isa = PBXBuildFile; fileRef = F97FF9DF23ACD98E00F2AE5E /* ViewController.swift */; };
		F97FF9E323ACD98E00F2AE5E /* Main.storyboard in Resources */ = {isa = PBXBuildFile; fileRef = F97FF9E123ACD98E00F2AE5E /* Main.storyboard */; };
		F97FF9E523ACD99800F2AE5E /* Assets.xcassets in Resources */ = {isa = PBXBuildFile; fileRef = F97FF9E423ACD99800F2AE5E /* Assets.xcassets */; };
		F97FF9E823ACD99800F2AE5E /* LaunchScreen.storyboard in Resources */ = {isa = PBXBuildFile; fileRef = F97FF9E623ACD99800F2AE5E /* LaunchScreen.storyboard */; };
		F97FF9F323AFC20000F2AE5E /* Sensor.swift in Sources */ = {isa = PBXBuildFile; fileRef = F97FF9F223AFC20000F2AE5E /* Sensor.swift */; };
		F97FF9F523AFE86F00F2AE5E /* Reading.swift in Sources */ = {isa = PBXBuildFile; fileRef = F97FF9F423AFE86F00F2AE5E /* Reading.swift */; };
/* End PBXBuildFile section */

/* Begin PBXFileReference section */
		F97FF9DA23ACD98E00F2AE5E /* ArchivingSensorsReadings.app */ = {isa = PBXFileReference; explicitFileType = wrapper.application; includeInIndex = 0; path = ArchivingSensorsReadings.app; sourceTree = BUILT_PRODUCTS_DIR; };
		F97FF9DD23ACD98E00F2AE5E /* AppDelegate.swift */ = {isa = PBXFileReference; lastKnownFileType = sourcecode.swift; path = AppDelegate.swift; sourceTree = "<group>"; };
		F97FF9DF23ACD98E00F2AE5E /* ViewController.swift */ = {isa = PBXFileReference; lastKnownFileType = sourcecode.swift; path = ViewController.swift; sourceTree = "<group>"; };
		F97FF9E223ACD98E00F2AE5E /* Base */ = {isa = PBXFileReference; lastKnownFileType = file.storyboard; name = Base; path = Base.lproj/Main.storyboard; sourceTree = "<group>"; };
		F97FF9E423ACD99800F2AE5E /* Assets.xcassets */ = {isa = PBXFileReference; lastKnownFileType = folder.assetcatalog; path = Assets.xcassets; sourceTree = "<group>"; };
		F97FF9E723ACD99800F2AE5E /* Base */ = {isa = PBXFileReference; lastKnownFileType = file.storyboard; name = Base; path = Base.lproj/LaunchScreen.storyboard; sourceTree = "<group>"; };
		F97FF9E923ACD99800F2AE5E /* Info.plist */ = {isa = PBXFileReference; lastKnownFileType = text.plist.xml; path = Info.plist; sourceTree = "<group>"; };
		F97FF9F223AFC20000F2AE5E /* Sensor.swift */ = {isa = PBXFileReference; lastKnownFileType = sourcecode.swift; path = Sensor.swift; sourceTree = "<group>"; };
		F97FF9F423AFE86F00F2AE5E /* Reading.swift */ = {isa = PBXFileReference; lastKnownFileType = sourcecode.swift; path = Reading.swift; sourceTree = "<group>"; };
/* End PBXFileReference section */

/* Begin PBXFrameworksBuildPhase section */
		F97FF9D723ACD98E00F2AE5E /* Frameworks */ = {
			isa = PBXFrameworksBuildPhase;
			buildActionMask = 2147483647;
			files = (
			);
			runOnlyForDeploymentPostprocessing = 0;
		};
/* End PBXFrameworksBuildPhase section */

/* Begin PBXGroup section */
		F97FF9D123ACD98D00F2AE5E = {
			isa = PBXGroup;
			children = (
				F97FF9F123ACD9EA00F2AE5E /* View */,
				F97FF9F023ACD9E100F2AE5E /* Controller */,
				F97FF9EF23ACD9D100F2AE5E /* Model */,
				F97FF9DC23ACD98E00F2AE5E /* ArchivingSensorsReadings */,
				F97FF9DB23ACD98E00F2AE5E /* Products */,
			);
			sourceTree = "<group>";
		};
		F97FF9DB23ACD98E00F2AE5E /* Products */ = {
			isa = PBXGroup;
			children = (
				F97FF9DA23ACD98E00F2AE5E /* ArchivingSensorsReadings.app */,
			);
			name = Products;
			sourceTree = "<group>";
		};
		F97FF9DC23ACD98E00F2AE5E /* ArchivingSensorsReadings */ = {
			isa = PBXGroup;
			children = (
				F97FF9DD23ACD98E00F2AE5E /* AppDelegate.swift */,
				F97FF9E423ACD99800F2AE5E /* Assets.xcassets */,
				F97FF9E623ACD99800F2AE5E /* LaunchScreen.storyboard */,
				F97FF9E923ACD99800F2AE5E /* Info.plist */,
			);
			path = ArchivingSensorsReadings;
			sourceTree = "<group>";
		};
		F97FF9EF23ACD9D100F2AE5E /* Model */ = {
			isa = PBXGroup;
			children = (
				F97FF9F223AFC20000F2AE5E /* Sensor.swift */,
				F97FF9F423AFE86F00F2AE5E /* Reading.swift */,
			);
			path = Model;
			sourceTree = "<group>";
		};
		F97FF9F023ACD9E100F2AE5E /* Controller */ = {
			isa = PBXGroup;
			children = (
				F97FF9DF23ACD98E00F2AE5E /* ViewController.swift */,
			);
			path = Controller;
			sourceTree = "<group>";
		};
		F97FF9F123ACD9EA00F2AE5E /* View */ = {
			isa = PBXGroup;
			children = (
				F97FF9E123ACD98E00F2AE5E /* Main.storyboard */,
			);
			path = View;
			sourceTree = "<group>";
		};
/* End PBXGroup section */

/* Begin PBXNativeTarget section */
		F97FF9D923ACD98E00F2AE5E /* ArchivingSensorsReadings */ = {
			isa = PBXNativeTarget;
			buildConfigurationList = F97FF9EC23ACD99800F2AE5E /* Build configuration list for PBXNativeTarget "ArchivingSensorsReadings" */;
			buildPhases = (
				F97FF9D623ACD98E00F2AE5E /* Sources */,
				F97FF9D723ACD98E00F2AE5E /* Frameworks */,
				F97FF9D823ACD98E00F2AE5E /* Resources */,
			);
			buildRules = (
			);
			dependencies = (
			);
			name = ArchivingSensorsReadings;
			productName = ArchivingSensorsReadings;
			productReference = F97FF9DA23ACD98E00F2AE5E /* ArchivingSensorsReadings.app */;
			productType = "com.apple.product-type.application";
		};
/* End PBXNativeTarget section */

/* Begin PBXProject section */
		F97FF9D223ACD98D00F2AE5E /* Project object */ = {
			isa = PBXProject;
			attributes = {
				LastSwiftUpdateCheck = 1000;
				LastUpgradeCheck = 1000;
				ORGANIZATIONNAME = "Dom W";
				TargetAttributes = {
					F97FF9D923ACD98E00F2AE5E = {
						CreatedOnToolsVersion = 10.0;
					};
				};
			};
			buildConfigurationList = F97FF9D523ACD98D00F2AE5E /* Build configuration list for PBXProject "ArchivingSensorsReadings" */;
			compatibilityVersion = "Xcode 9.3";
			developmentRegion = en;
			hasScannedForEncodings = 0;
			knownRegions = (
				en,
				Base,
			);
			mainGroup = F97FF9D123ACD98D00F2AE5E;
			productRefGroup = F97FF9DB23ACD98E00F2AE5E /* Products */;
			projectDirPath = "";
			projectRoot = "";
			targets = (
				F97FF9D923ACD98E00F2AE5E /* ArchivingSensorsReadings */,
			);
		};
/* End PBXProject section */

/* Begin PBXResourcesBuildPhase section */
		F97FF9D823ACD98E00F2AE5E /* Resources */ = {
			isa = PBXResourcesBuildPhase;
			buildActionMask = 2147483647;
			files = (
				F97FF9E823ACD99800F2AE5E /* LaunchScreen.storyboard in Resources */,
				F97FF9E523ACD99800F2AE5E /* Assets.xcassets in Resources */,
				F97FF9E323ACD98E00F2AE5E /* Main.storyboard in Resources */,
			);
			runOnlyForDeploymentPostprocessing = 0;
		};
/* End PBXResourcesBuildPhase section */

/* Begin PBXSourcesBuildPhase section */
		F97FF9D623ACD98E00F2AE5E /* Sources */ = {
			isa = PBXSourcesBuildPhase;
			buildActionMask = 2147483647;
			files = (
				F97FF9E023ACD98E00F2AE5E /* ViewController.swift in Sources */,
				F97FF9F323AFC20000F2AE5E /* Sensor.swift in Sources */,
				F97FF9F523AFE86F00F2AE5E /* Reading.swift in Sources */,
				F97FF9DE23ACD98E00F2AE5E /* AppDelegate.swift in Sources */,
			);
			runOnlyForDeploymentPostprocessing = 0;
		};
/* End PBXSourcesBuildPhase section */

/* Begin PBXVariantGroup section */
		F97FF9E123ACD98E00F2AE5E /* Main.storyboard */ = {
			isa = PBXVariantGroup;
			children = (
				F97FF9E223ACD98E00F2AE5E /* Base */,
			);
			name = Main.storyboard;
			sourceTree = "<group>";
		};
		F97FF9E623ACD99800F2AE5E /* LaunchScreen.storyboard */ = {
			isa = PBXVariantGroup;
			children = (
				F97FF9E723ACD99800F2AE5E /* Base */,
			);
			name = LaunchScreen.storyboard;
			sourceTree = "<group>";
		};
/* End PBXVariantGroup section */

/* Begin XCBuildConfiguration section */
		F97FF9EA23ACD99800F2AE5E /* Debug */ = {
			isa = XCBuildConfiguration;
			buildSettings = {
				ALWAYS_SEARCH_USER_PATHS = NO;
				CLANG_ANALYZER_NONNULL = YES;
				CLANG_ANALYZER_NUMBER_OBJECT_CONVERSION = YES_AGGRESSIVE;
				CLANG_CXX_LANGUAGE_STANDARD = "gnu++14";
				CLANG_CXX_LIBRARY = "libc++";
				CLANG_ENABLE_MODULES = YES;
				CLANG_ENABLE_OBJC_ARC = YES;
				CLANG_ENABLE_OBJC_WEAK = YES;
				CLANG_WARN_BLOCK_CAPTURE_AUTORELEASING = YES;
				CLANG_WARN_BOOL_CONVERSION = YES;
				CLANG_WARN_COMMA = YES;
				CLANG_WARN_CONSTANT_CONVERSION = YES;
				CLANG_WARN_DEPRECATED_OBJC_IMPLEMENTATIONS = YES;
				CLANG_WARN_DIRECT_OBJC_ISA_USAGE = YES_ERROR;
				CLANG_WARN_DOCUMENTATION_COMMENTS = YES;
				CLANG_WARN_EMPTY_BODY = YES;
				CLANG_WARN_ENUM_CONVERSION = YES;
				CLANG_WARN_INFINITE_RECURSION = YES;
				CLANG_WARN_INT_CONVERSION = YES;
				CLANG_WARN_NON_LITERAL_NULL_CONVERSION = YES;
				CLANG_WARN_OBJC_IMPLICIT_RETAIN_SELF = YES;
				CLANG_WARN_OBJC_LITERAL_CONVERSION = YES;
				CLANG_WARN_OBJC_ROOT_CLASS = YES_ERROR;
				CLANG_WARN_RANGE_LOOP_ANALYSIS = YES;
				CLANG_WARN_STRICT_PROTOTYPES = YES;
				CLANG_WARN_SUSPICIOUS_MOVE = YES;
				CLANG_WARN_UNGUARDED_AVAILABILITY = YES_AGGRESSIVE;
				CLANG_WARN_UNREACHABLE_CODE = YES;
				CLANG_WARN__DUPLICATE_METHOD_MATCH = YES;
				CODE_SIGN_IDENTITY = "iPhone Developer";
				COPY_PHASE_STRIP = NO;
				DEBUG_INFORMATION_FORMAT = dwarf;
				ENABLE_STRICT_OBJC_MSGSEND = YES;
				ENABLE_TESTABILITY = YES;
				GCC_C_LANGUAGE_STANDARD = gnu11;
				GCC_DYNAMIC_NO_PIC = NO;
				GCC_NO_COMMON_BLOCKS = YES;
				GCC_OPTIMIZATION_LEVEL = 0;
				GCC_PREPROCESSOR_DEFINITIONS = (
					"DEBUG=1",
					"$(inherited)",
				);
				GCC_WARN_64_TO_32_BIT_CONVERSION = YES;
				GCC_WARN_ABOUT_RETURN_TYPE = YES_ERROR;
				GCC_WARN_UNDECLARED_SELECTOR = YES;
				GCC_WARN_UNINITIALIZED_AUTOS = YES_AGGRESSIVE;
				GCC_WARN_UNUSED_FUNCTION = YES;
				GCC_WARN_UNUSED_VARIABLE = YES;
				IPHONEOS_DEPLOYMENT_TARGET = 12.0;
				MTL_ENABLE_DEBUG_INFO = INCLUDE_SOURCE;
				MTL_FAST_MATH = YES;
				ONLY_ACTIVE_ARCH = YES;
				SDKROOT = iphoneos;
				SWIFT_ACTIVE_COMPILATION_CONDITIONS = DEBUG;
				SWIFT_OPTIMIZATION_LEVEL = "-Onone";
			};
			name = Debug;
		};
		F97FF9EB23ACD99800F2AE5E /* Release */ = {
			isa = XCBuildConfiguration;
			buildSettings = {
				ALWAYS_SEARCH_USER_PATHS = NO;
				CLANG_ANALYZER_NONNULL = YES;
				CLANG_ANALYZER_NUMBER_OBJECT_CONVERSION = YES_AGGRESSIVE;
				CLANG_CXX_LANGUAGE_STANDARD = "gnu++14";
				CLANG_CXX_LIBRARY = "libc++";
				CLANG_ENABLE_MODULES = YES;
				CLANG_ENABLE_OBJC_ARC = YES;
				CLANG_ENABLE_OBJC_WEAK = YES;
				CLANG_WARN_BLOCK_CAPTURE_AUTORELEASING = YES;
				CLANG_WARN_BOOL_CONVERSION = YES;
				CLANG_WARN_COMMA = YES;
				CLANG_WARN_CONSTANT_CONVERSION = YES;
				CLANG_WARN_DEPRECATED_OBJC_IMPLEMENTATIONS = YES;
				CLANG_WARN_DIRECT_OBJC_ISA_USAGE = YES_ERROR;
				CLANG_WARN_DOCUMENTATION_COMMENTS = YES;
				CLANG_WARN_EMPTY_BODY = YES;
				CLANG_WARN_ENUM_CONVERSION = YES;
				CLANG_WARN_INFINITE_RECURSION = YES;
				CLANG_WARN_INT_CONVERSION = YES;
				CLANG_WARN_NON_LITERAL_NULL_CONVERSION = YES;
				CLANG_WARN_OBJC_IMPLICIT_RETAIN_SELF = YES;
				CLANG_WARN_OBJC_LITERAL_CONVERSION = YES;
				CLANG_WARN_OBJC_ROOT_CLASS = YES_ERROR;
				CLANG_WARN_RANGE_LOOP_ANALYSIS = YES;
				CLANG_WARN_STRICT_PROTOTYPES = YES;
				CLANG_WARN_SUSPICIOUS_MOVE = YES;
				CLANG_WARN_UNGUARDED_AVAILABILITY = YES_AGGRESSIVE;
				CLANG_WARN_UNREACHABLE_CODE = YES;
				CLANG_WARN__DUPLICATE_METHOD_MATCH = YES;
				CODE_SIGN_IDENTITY = "iPhone Developer";
				COPY_PHASE_STRIP = NO;
				DEBUG_INFORMATION_FORMAT = "dwarf-with-dsym";
				ENABLE_NS_ASSERTIONS = NO;
				ENABLE_STRICT_OBJC_MSGSEND = YES;
				GCC_C_LANGUAGE_STANDARD = gnu11;
				GCC_NO_COMMON_BLOCKS = YES;
				GCC_WARN_64_TO_32_BIT_CONVERSION = YES;
				GCC_WARN_ABOUT_RETURN_TYPE = YES_ERROR;
				GCC_WARN_UNDECLARED_SELECTOR = YES;
				GCC_WARN_UNINITIALIZED_AUTOS = YES_AGGRESSIVE;
				GCC_WARN_UNUSED_FUNCTION = YES;
				GCC_WARN_UNUSED_VARIABLE = YES;
				IPHONEOS_DEPLOYMENT_TARGET = 12.0;
				MTL_ENABLE_DEBUG_INFO = NO;
				MTL_FAST_MATH = YES;
				SDKROOT = iphoneos;
				SWIFT_COMPILATION_MODE = wholemodule;
				SWIFT_OPTIMIZATION_LEVEL = "-O";
				VALIDATE_PRODUCT = YES;
			};
			name = Release;
		};
		F97FF9ED23ACD99800F2AE5E /* Debug */ = {
			isa = XCBuildConfiguration;
			buildSettings = {
				ASSETCATALOG_COMPILER_APPICON_NAME = AppIcon;
				CODE_SIGN_STYLE = Automatic;
				INFOPLIST_FILE = ArchivingSensorsReadings/Info.plist;
				LD_RUNPATH_SEARCH_PATHS = (
					"$(inherited)",
					"@executable_path/Frameworks",
				);
				PRODUCT_BUNDLE_IDENTIFIER = com.dominik.ArchivingSensorsReadings;
				PRODUCT_NAME = "$(TARGET_NAME)";
				SWIFT_VERSION = 4.2;
				TARGETED_DEVICE_FAMILY = "1,2";
			};
			name = Debug;
		};
		F97FF9EE23ACD99800F2AE5E /* Release */ = {
			isa = XCBuildConfiguration;
			buildSettings = {
				ASSETCATALOG_COMPILER_APPICON_NAME = AppIcon;
				CODE_SIGN_STYLE = Automatic;
				INFOPLIST_FILE = ArchivingSensorsReadings/Info.plist;
				LD_RUNPATH_SEARCH_PATHS = (
					"$(inherited)",
					"@executable_path/Frameworks",
				);
				PRODUCT_BUNDLE_IDENTIFIER = com.dominik.ArchivingSensorsReadings;
				PRODUCT_NAME = "$(TARGET_NAME)";
				SWIFT_VERSION = 4.2;
				TARGETED_DEVICE_FAMILY = "1,2";
			};
			name = Release;
		};
/* End XCBuildConfiguration section */

/* Begin XCConfigurationList section */
		F97FF9D523ACD98D00F2AE5E /* Build configuration list for PBXProject "ArchivingSensorsReadings" */ = {
			isa = XCConfigurationList;
			buildConfigurations = (
				F97FF9EA23ACD99800F2AE5E /* Debug */,
				F97FF9EB23ACD99800F2AE5E /* Release */,
			);
			defaultConfigurationIsVisible = 0;
			defaultConfigurationName = Release;
		};
		F97FF9EC23ACD99800F2AE5E /* Build configuration list for PBXNativeTarget "ArchivingSensorsReadings" */ = {
			isa = XCConfigurationList;
			buildConfigurations = (
				F97FF9ED23ACD99800F2AE5E /* Debug */,
				F97FF9EE23ACD99800F2AE5E /* Release */,
			);
			defaultConfigurationIsVisible = 0;
			defaultConfigurationName = Release;
		};
/* End XCConfigurationList section */
	};
	rootObject = F97FF9D223ACD98D00F2AE5E /* Project object */;
}
