// !$*UTF8*$!
{
	archiveVersion = 1;
	classes = {
	};
	objectVersion = 50;
	objects = {

/* Begin PBXBuildFile section */
		F9B1300923B14E820047E00B /* AppDelegate.swift in Sources */ = {isa = PBXBuildFile; fileRef = F9B1300823B14E820047E00B /* AppDelegate.swift */; };
		F9B1300B23B14E820047E00B /* ViewController.swift in Sources */ = {isa = PBXBuildFile; fileRef = F9B1300A23B14E820047E00B /* ViewController.swift */; };
		F9B1300E23B14E820047E00B /* Main.storyboard in Resources */ = {isa = PBXBuildFile; fileRef = F9B1300C23B14E820047E00B /* Main.storyboard */; };
		F9B1301023B14E8A0047E00B /* Assets.xcassets in Resources */ = {isa = PBXBuildFile; fileRef = F9B1300F23B14E8A0047E00B /* Assets.xcassets */; };
		F9B1301323B14E8A0047E00B /* LaunchScreen.storyboard in Resources */ = {isa = PBXBuildFile; fileRef = F9B1301123B14E8A0047E00B /* LaunchScreen.storyboard */; };
		F9B1301F23B1500A0047E00B /* libsqlite3.tbd in Frameworks */ = {isa = PBXBuildFile; fileRef = F9B1301E23B1500A0047E00B /* libsqlite3.tbd */; };
/* End PBXBuildFile section */

/* Begin PBXFileReference section */
		F9B1300523B14E820047E00B /* BridgingSqlite.app */ = {isa = PBXFileReference; explicitFileType = wrapper.application; includeInIndex = 0; path = BridgingSqlite.app; sourceTree = BUILT_PRODUCTS_DIR; };
		F9B1300823B14E820047E00B /* AppDelegate.swift */ = {isa = PBXFileReference; lastKnownFileType = sourcecode.swift; path = AppDelegate.swift; sourceTree = "<group>"; };
		F9B1300A23B14E820047E00B /* ViewController.swift */ = {isa = PBXFileReference; lastKnownFileType = sourcecode.swift; path = ViewController.swift; sourceTree = "<group>"; };
		F9B1300D23B14E820047E00B /* Base */ = {isa = PBXFileReference; lastKnownFileType = file.storyboard; name = Base; path = Base.lproj/Main.storyboard; sourceTree = "<group>"; };
		F9B1300F23B14E8A0047E00B /* Assets.xcassets */ = {isa = PBXFileReference; lastKnownFileType = folder.assetcatalog; path = Assets.xcassets; sourceTree = "<group>"; };
		F9B1301223B14E8A0047E00B /* Base */ = {isa = PBXFileReference; lastKnownFileType = file.storyboard; name = Base; path = Base.lproj/LaunchScreen.storyboard; sourceTree = "<group>"; };
		F9B1301423B14E8A0047E00B /* Info.plist */ = {isa = PBXFileReference; lastKnownFileType = text.plist.xml; path = Info.plist; sourceTree = "<group>"; };
		F9B1301A23B14ED30047E00B /* BridgingHeader.h */ = {isa = PBXFileReference; lastKnownFileType = sourcecode.c.h; path = BridgingHeader.h; sourceTree = "<group>"; };
		F9B1301C23B14F920047E00B /* libsqlite3.0.tbd */ = {isa = PBXFileReference; lastKnownFileType = "sourcecode.text-based-dylib-definition"; name = libsqlite3.0.tbd; path = usr/lib/libsqlite3.0.tbd; sourceTree = SDKROOT; };
		F9B1301E23B1500A0047E00B /* libsqlite3.tbd */ = {isa = PBXFileReference; lastKnownFileType = "sourcecode.text-based-dylib-definition"; name = libsqlite3.tbd; path = usr/lib/libsqlite3.tbd; sourceTree = SDKROOT; };
/* End PBXFileReference section */

/* Begin PBXFrameworksBuildPhase section */
		F9B1300223B14E820047E00B /* Frameworks */ = {
			isa = PBXFrameworksBuildPhase;
			buildActionMask = 2147483647;
			files = (
				F9B1301F23B1500A0047E00B /* libsqlite3.tbd in Frameworks */,
			);
			runOnlyForDeploymentPostprocessing = 0;
		};
/* End PBXFrameworksBuildPhase section */

/* Begin PBXGroup section */
		F9B12FFC23B14E810047E00B = {
			isa = PBXGroup;
			children = (
				F9B1301A23B14ED30047E00B /* BridgingHeader.h */,
				F9B1300723B14E820047E00B /* BridgingSqlite */,
				F9B1300623B14E820047E00B /* Products */,
				F9B1301B23B14F920047E00B /* Frameworks */,
			);
			sourceTree = "<group>";
		};
		F9B1300623B14E820047E00B /* Products */ = {
			isa = PBXGroup;
			children = (
				F9B1300523B14E820047E00B /* BridgingSqlite.app */,
			);
			name = Products;
			sourceTree = "<group>";
		};
		F9B1300723B14E820047E00B /* BridgingSqlite */ = {
			isa = PBXGroup;
			children = (
				F9B1300823B14E820047E00B /* AppDelegate.swift */,
				F9B1300A23B14E820047E00B /* ViewController.swift */,
				F9B1300C23B14E820047E00B /* Main.storyboard */,
				F9B1300F23B14E8A0047E00B /* Assets.xcassets */,
				F9B1301123B14E8A0047E00B /* LaunchScreen.storyboard */,
				F9B1301423B14E8A0047E00B /* Info.plist */,
			);
			path = BridgingSqlite;
			sourceTree = "<group>";
		};
		F9B1301B23B14F920047E00B /* Frameworks */ = {
			isa = PBXGroup;
			children = (
				F9B1301E23B1500A0047E00B /* libsqlite3.tbd */,
				F9B1301C23B14F920047E00B /* libsqlite3.0.tbd */,
			);
			name = Frameworks;
			sourceTree = "<group>";
		};
/* End PBXGroup section */

/* Begin PBXNativeTarget section */
		F9B1300423B14E820047E00B /* BridgingSqlite */ = {
			isa = PBXNativeTarget;
			buildConfigurationList = F9B1301723B14E8A0047E00B /* Build configuration list for PBXNativeTarget "BridgingSqlite" */;
			buildPhases = (
				F9B1300123B14E820047E00B /* Sources */,
				F9B1300223B14E820047E00B /* Frameworks */,
				F9B1300323B14E820047E00B /* Resources */,
			);
			buildRules = (
			);
			dependencies = (
			);
			name = BridgingSqlite;
			productName = BridgingSqlite;
			productReference = F9B1300523B14E820047E00B /* BridgingSqlite.app */;
			productType = "com.apple.product-type.application";
		};
/* End PBXNativeTarget section */

/* Begin PBXProject section */
		F9B12FFD23B14E810047E00B /* Project object */ = {
			isa = PBXProject;
			attributes = {
				LastSwiftUpdateCheck = 1000;
				LastUpgradeCheck = 1000;
				ORGANIZATIONNAME = "Dom W";
				TargetAttributes = {
					F9B1300423B14E820047E00B = {
						CreatedOnToolsVersion = 10.0;
					};
				};
			};
			buildConfigurationList = F9B1300023B14E810047E00B /* Build configuration list for PBXProject "BridgingSqlite" */;
			compatibilityVersion = "Xcode 9.3";
			developmentRegion = en;
			hasScannedForEncodings = 0;
			knownRegions = (
				en,
				Base,
			);
			mainGroup = F9B12FFC23B14E810047E00B;
			productRefGroup = F9B1300623B14E820047E00B /* Products */;
			projectDirPath = "";
			projectRoot = "";
			targets = (
				F9B1300423B14E820047E00B /* BridgingSqlite */,
			);
		};
/* End PBXProject section */

/* Begin PBXResourcesBuildPhase section */
		F9B1300323B14E820047E00B /* Resources */ = {
			isa = PBXResourcesBuildPhase;
			buildActionMask = 2147483647;
			files = (
				F9B1301323B14E8A0047E00B /* LaunchScreen.storyboard in Resources */,
				F9B1301023B14E8A0047E00B /* Assets.xcassets in Resources */,
				F9B1300E23B14E820047E00B /* Main.storyboard in Resources */,
			);
			runOnlyForDeploymentPostprocessing = 0;
		};
/* End PBXResourcesBuildPhase section */

/* Begin PBXSourcesBuildPhase section */
		F9B1300123B14E820047E00B /* Sources */ = {
			isa = PBXSourcesBuildPhase;
			buildActionMask = 2147483647;
			files = (
				F9B1300B23B14E820047E00B /* ViewController.swift in Sources */,
				F9B1300923B14E820047E00B /* AppDelegate.swift in Sources */,
			);
			runOnlyForDeploymentPostprocessing = 0;
		};
/* End PBXSourcesBuildPhase section */

/* Begin PBXVariantGroup section */
		F9B1300C23B14E820047E00B /* Main.storyboard */ = {
			isa = PBXVariantGroup;
			children = (
				F9B1300D23B14E820047E00B /* Base */,
			);
			name = Main.storyboard;
			sourceTree = "<group>";
		};
		F9B1301123B14E8A0047E00B /* LaunchScreen.storyboard */ = {
			isa = PBXVariantGroup;
			children = (
				F9B1301223B14E8A0047E00B /* Base */,
			);
			name = LaunchScreen.storyboard;
			sourceTree = "<group>";
		};
/* End PBXVariantGroup section */

/* Begin XCBuildConfiguration section */
		F9B1301523B14E8A0047E00B /* Debug */ = {
			isa = XCBuildConfiguration;
			buildSettings = {
				ALWAYS_SEARCH_USER_PATHS = NO;
				CLANG_ANALYZER_NONNULL = YES;
				CLANG_ANALYZER_NUMBER_OBJECT_CONVERSION = YES_AGGRESSIVE;
				CLANG_CXX_LANGUAGE_STANDARD = "gnu++14";
				CLANG_CXX_LIBRARY = "libc++";
				CLANG_ENABLE_MODULES = YES;
				CLANG_ENABLE_OBJC_ARC = YES;
				CLANG_ENABLE_OBJC_WEAK = YES;
				CLANG_WARN_BLOCK_CAPTURE_AUTORELEASING = YES;
				CLANG_WARN_BOOL_CONVERSION = YES;
				CLANG_WARN_COMMA = YES;
				CLANG_WARN_CONSTANT_CONVERSION = YES;
				CLANG_WARN_DEPRECATED_OBJC_IMPLEMENTATIONS = YES;
				CLANG_WARN_DIRECT_OBJC_ISA_USAGE = YES_ERROR;
				CLANG_WARN_DOCUMENTATION_COMMENTS = YES;
				CLANG_WARN_EMPTY_BODY = YES;
				CLANG_WARN_ENUM_CONVERSION = YES;
				CLANG_WARN_INFINITE_RECURSION = YES;
				CLANG_WARN_INT_CONVERSION = YES;
				CLANG_WARN_NON_LITERAL_NULL_CONVERSION = YES;
				CLANG_WARN_OBJC_IMPLICIT_RETAIN_SELF = YES;
				CLANG_WARN_OBJC_LITERAL_CONVERSION = YES;
				CLANG_WARN_OBJC_ROOT_CLASS = YES_ERROR;
				CLANG_WARN_RANGE_LOOP_ANALYSIS = YES;
				CLANG_WARN_STRICT_PROTOTYPES = YES;
				CLANG_WARN_SUSPICIOUS_MOVE = YES;
				CLANG_WARN_UNGUARDED_AVAILABILITY = YES_AGGRESSIVE;
				CLANG_WARN_UNREACHABLE_CODE = YES;
				CLANG_WARN__DUPLICATE_METHOD_MATCH = YES;
				CODE_SIGN_IDENTITY = "iPhone Developer";
				COPY_PHASE_STRIP = NO;
				DEBUG_INFORMATION_FORMAT = dwarf;
				ENABLE_STRICT_OBJC_MSGSEND = YES;
				ENABLE_TESTABILITY = YES;
				GCC_C_LANGUAGE_STANDARD = gnu11;
				GCC_DYNAMIC_NO_PIC = NO;
				GCC_NO_COMMON_BLOCKS = YES;
				GCC_OPTIMIZATION_LEVEL = 0;
				GCC_PREPROCESSOR_DEFINITIONS = (
					"DEBUG=1",
					"$(inherited)",
				);
				GCC_WARN_64_TO_32_BIT_CONVERSION = YES;
				GCC_WARN_ABOUT_RETURN_TYPE = YES_ERROR;
				GCC_WARN_UNDECLARED_SELECTOR = YES;
				GCC_WARN_UNINITIALIZED_AUTOS = YES_AGGRESSIVE;
				GCC_WARN_UNUSED_FUNCTION = YES;
				GCC_WARN_UNUSED_VARIABLE = YES;
				IPHONEOS_DEPLOYMENT_TARGET = 12.0;
				MTL_ENABLE_DEBUG_INFO = INCLUDE_SOURCE;
				MTL_FAST_MATH = YES;
				ONLY_ACTIVE_ARCH = YES;
				SDKROOT = iphoneos;
				SWIFT_ACTIVE_COMPILATION_CONDITIONS = DEBUG;
				SWIFT_OPTIMIZATION_LEVEL = "-Onone";
			};
			name = Debug;
		};
		F9B1301623B14E8A0047E00B /* Release */ = {
			isa = XCBuildConfiguration;
			buildSettings = {
				ALWAYS_SEARCH_USER_PATHS = NO;
				CLANG_ANALYZER_NONNULL = YES;
				CLANG_ANALYZER_NUMBER_OBJECT_CONVERSION = YES_AGGRESSIVE;
				CLANG_CXX_LANGUAGE_STANDARD = "gnu++14";
				CLANG_CXX_LIBRARY = "libc++";
				CLANG_ENABLE_MODULES = YES;
				CLANG_ENABLE_OBJC_ARC = YES;
				CLANG_ENABLE_OBJC_WEAK = YES;
				CLANG_WARN_BLOCK_CAPTURE_AUTORELEASING = YES;
				CLANG_WARN_BOOL_CONVERSION = YES;
				CLANG_WARN_COMMA = YES;
				CLANG_WARN_CONSTANT_CONVERSION = YES;
				CLANG_WARN_DEPRECATED_OBJC_IMPLEMENTATIONS = YES;
				CLANG_WARN_DIRECT_OBJC_ISA_USAGE = YES_ERROR;
				CLANG_WARN_DOCUMENTATION_COMMENTS = YES;
				CLANG_WARN_EMPTY_BODY = YES;
				CLANG_WARN_ENUM_CONVERSION = YES;
				CLANG_WARN_INFINITE_RECURSION = YES;
				CLANG_WARN_INT_CONVERSION = YES;
				CLANG_WARN_NON_LITERAL_NULL_CONVERSION = YES;
				CLANG_WARN_OBJC_IMPLICIT_RETAIN_SELF = YES;
				CLANG_WARN_OBJC_LITERAL_CONVERSION = YES;
				CLANG_WARN_OBJC_ROOT_CLASS = YES_ERROR;
				CLANG_WARN_RANGE_LOOP_ANALYSIS = YES;
				CLANG_WARN_STRICT_PROTOTYPES = YES;
				CLANG_WARN_SUSPICIOUS_MOVE = YES;
				CLANG_WARN_UNGUARDED_AVAILABILITY = YES_AGGRESSIVE;
				CLANG_WARN_UNREACHABLE_CODE = YES;
				CLANG_WARN__DUPLICATE_METHOD_MATCH = YES;
				CODE_SIGN_IDENTITY = "iPhone Developer";
				COPY_PHASE_STRIP = NO;
				DEBUG_INFORMATION_FORMAT = "dwarf-with-dsym";
				ENABLE_NS_ASSERTIONS = NO;
				ENABLE_STRICT_OBJC_MSGSEND = YES;
				GCC_C_LANGUAGE_STANDARD = gnu11;
				GCC_NO_COMMON_BLOCKS = YES;
				GCC_WARN_64_TO_32_BIT_CONVERSION = YES;
				GCC_WARN_ABOUT_RETURN_TYPE = YES_ERROR;
				GCC_WARN_UNDECLARED_SELECTOR = YES;
				GCC_WARN_UNINITIALIZED_AUTOS = YES_AGGRESSIVE;
				GCC_WARN_UNUSED_FUNCTION = YES;
				GCC_WARN_UNUSED_VARIABLE = YES;
				IPHONEOS_DEPLOYMENT_TARGET = 12.0;
				MTL_ENABLE_DEBUG_INFO = NO;
				MTL_FAST_MATH = YES;
				SDKROOT = iphoneos;
				SWIFT_COMPILATION_MODE = wholemodule;
				SWIFT_OPTIMIZATION_LEVEL = "-O";
				VALIDATE_PRODUCT = YES;
			};
			name = Release;
		};
		F9B1301823B14E8A0047E00B /* Debug */ = {
			isa = XCBuildConfiguration;
			buildSettings = {
				ASSETCATALOG_COMPILER_APPICON_NAME = AppIcon;
				CODE_SIGN_STYLE = Automatic;
				INFOPLIST_FILE = BridgingSqlite/Info.plist;
				LD_RUNPATH_SEARCH_PATHS = (
					"$(inherited)",
					"@executable_path/Frameworks",
				);
				PRODUCT_BUNDLE_IDENTIFIER = com.dominik.BridgingSqlite;
				PRODUCT_NAME = "$(TARGET_NAME)";
				SWIFT_OBJC_BRIDGING_HEADER = BridgingHeader.h;
				SWIFT_VERSION = 4.2;
				TARGETED_DEVICE_FAMILY = "1,2";
			};
			name = Debug;
		};
		F9B1301923B14E8A0047E00B /* Release */ = {
			isa = XCBuildConfiguration;
			buildSettings = {
				ASSETCATALOG_COMPILER_APPICON_NAME = AppIcon;
				CODE_SIGN_STYLE = Automatic;
				INFOPLIST_FILE = BridgingSqlite/Info.plist;
				LD_RUNPATH_SEARCH_PATHS = (
					"$(inherited)",
					"@executable_path/Frameworks",
				);
				PRODUCT_BUNDLE_IDENTIFIER = com.dominik.BridgingSqlite;
				PRODUCT_NAME = "$(TARGET_NAME)";
				SWIFT_OBJC_BRIDGING_HEADER = BridgingHeader.h;
				SWIFT_VERSION = 4.2;
				TARGETED_DEVICE_FAMILY = "1,2";
			};
			name = Release;
		};
/* End XCBuildConfiguration section */

/* Begin XCConfigurationList section */
		F9B1300023B14E810047E00B /* Build configuration list for PBXProject "BridgingSqlite" */ = {
			isa = XCConfigurationList;
			buildConfigurations = (
				F9B1301523B14E8A0047E00B /* Debug */,
				F9B1301623B14E8A0047E00B /* Release */,
			);
			defaultConfigurationIsVisible = 0;
			defaultConfigurationName = Release;
		};
		F9B1301723B14E8A0047E00B /* Build configuration list for PBXNativeTarget "BridgingSqlite" */ = {
			isa = XCConfigurationList;
			buildConfigurations = (
				F9B1301823B14E8A0047E00B /* Debug */,
				F9B1301923B14E8A0047E00B /* Release */,
			);
			defaultConfigurationIsVisible = 0;
			defaultConfigurationName = Release;
		};
/* End XCConfigurationList section */
	};
	rootObject = F9B12FFD23B14E810047E00B /* Project object */;
}
