// !$*UTF8*$!
{
	archiveVersion = 1;
	classes = {
	};
	objectVersion = 50;
	objects = {

/* Begin PBXBuildFile section */
		F960F01423B2C33200017361 /* AppDelegate.swift in Sources */ = {isa = PBXBuildFile; fileRef = F960F01323B2C33200017361 /* AppDelegate.swift */; };
		F960F01623B2C33200017361 /* ViewController.swift in Sources */ = {isa = PBXBuildFile; fileRef = F960F01523B2C33200017361 /* ViewController.swift */; };
		F960F01923B2C33200017361 /* Main.storyboard in Resources */ = {isa = PBXBuildFile; fileRef = F960F01723B2C33200017361 /* Main.storyboard */; };
		F960F01C23B2C33200017361 /* CoreDataSensorsReadings.xcdatamodeld in Sources */ = {isa = PBXBuildFile; fileRef = F960F01A23B2C33200017361 /* CoreDataSensorsReadings.xcdatamodeld */; };
		F960F01E23B2C33C00017361 /* Assets.xcassets in Resources */ = {isa = PBXBuildFile; fileRef = F960F01D23B2C33C00017361 /* Assets.xcassets */; };
		F960F02123B2C33C00017361 /* LaunchScreen.storyboard in Resources */ = {isa = PBXBuildFile; fileRef = F960F01F23B2C33C00017361 /* LaunchScreen.storyboard */; };
/* End PBXBuildFile section */

/* Begin PBXFileReference section */
		F960F01023B2C33200017361 /* CoreDataSensorsReadings.app */ = {isa = PBXFileReference; explicitFileType = wrapper.application; includeInIndex = 0; path = CoreDataSensorsReadings.app; sourceTree = BUILT_PRODUCTS_DIR; };
		F960F01323B2C33200017361 /* AppDelegate.swift */ = {isa = PBXFileReference; lastKnownFileType = sourcecode.swift; path = AppDelegate.swift; sourceTree = "<group>"; };
		F960F01523B2C33200017361 /* ViewController.swift */ = {isa = PBXFileReference; lastKnownFileType = sourcecode.swift; path = ViewController.swift; sourceTree = "<group>"; };
		F960F01823B2C33200017361 /* Base */ = {isa = PBXFileReference; lastKnownFileType = file.storyboard; name = Base; path = Base.lproj/Main.storyboard; sourceTree = "<group>"; };
		F960F01B23B2C33200017361 /* CoreDataSensorsReadings.xcdatamodel */ = {isa = PBXFileReference; lastKnownFileType = wrapper.xcdatamodel; path = CoreDataSensorsReadings.xcdatamodel; sourceTree = "<group>"; };
		F960F01D23B2C33C00017361 /* Assets.xcassets */ = {isa = PBXFileReference; lastKnownFileType = folder.assetcatalog; path = Assets.xcassets; sourceTree = "<group>"; };
		F960F02023B2C33C00017361 /* Base */ = {isa = PBXFileReference; lastKnownFileType = file.storyboard; name = Base; path = Base.lproj/LaunchScreen.storyboard; sourceTree = "<group>"; };
		F960F02223B2C33C00017361 /* Info.plist */ = {isa = PBXFileReference; lastKnownFileType = text.plist.xml; path = Info.plist; sourceTree = "<group>"; };
/* End PBXFileReference section */

/* Begin PBXFrameworksBuildPhase section */
		F960F00D23B2C33200017361 /* Frameworks */ = {
			isa = PBXFrameworksBuildPhase;
			buildActionMask = 2147483647;
			files = (
			);
			runOnlyForDeploymentPostprocessing = 0;
		};
/* End PBXFrameworksBuildPhase section */

/* Begin PBXGroup section */
		F960F00723B2C33200017361 = {
			isa = PBXGroup;
			children = (
				F960F01223B2C33200017361 /* CoreDataSensorsReadings */,
				F960F01123B2C33200017361 /* Products */,
			);
			sourceTree = "<group>";
		};
		F960F01123B2C33200017361 /* Products */ = {
			isa = PBXGroup;
			children = (
				F960F01023B2C33200017361 /* CoreDataSensorsReadings.app */,
			);
			name = Products;
			sourceTree = "<group>";
		};
		F960F01223B2C33200017361 /* CoreDataSensorsReadings */ = {
			isa = PBXGroup;
			children = (
				F960F01323B2C33200017361 /* AppDelegate.swift */,
				F960F01523B2C33200017361 /* ViewController.swift */,
				F960F01723B2C33200017361 /* Main.storyboard */,
				F960F01D23B2C33C00017361 /* Assets.xcassets */,
				F960F01F23B2C33C00017361 /* LaunchScreen.storyboard */,
				F960F02223B2C33C00017361 /* Info.plist */,
				F960F01A23B2C33200017361 /* CoreDataSensorsReadings.xcdatamodeld */,
			);
			path = CoreDataSensorsReadings;
			sourceTree = "<group>";
		};
/* End PBXGroup section */

/* Begin PBXNativeTarget section */
		F960F00F23B2C33200017361 /* CoreDataSensorsReadings */ = {
			isa = PBXNativeTarget;
			buildConfigurationList = F960F02523B2C33C00017361 /* Build configuration list for PBXNativeTarget "CoreDataSensorsReadings" */;
			buildPhases = (
				F960F00C23B2C33200017361 /* Sources */,
				F960F00D23B2C33200017361 /* Frameworks */,
				F960F00E23B2C33200017361 /* Resources */,
			);
			buildRules = (
			);
			dependencies = (
			);
			name = CoreDataSensorsReadings;
			productName = CoreDataSensorsReadings;
			productReference = F960F01023B2C33200017361 /* CoreDataSensorsReadings.app */;
			productType = "com.apple.product-type.application";
		};
/* End PBXNativeTarget section */

/* Begin PBXProject section */
		F960F00823B2C33200017361 /* Project object */ = {
			isa = PBXProject;
			attributes = {
				LastSwiftUpdateCheck = 1000;
				LastUpgradeCheck = 1000;
				ORGANIZATIONNAME = "Dom W";
				TargetAttributes = {
					F960F00F23B2C33200017361 = {
						CreatedOnToolsVersion = 10.0;
					};
				};
			};
			buildConfigurationList = F960F00B23B2C33200017361 /* Build configuration list for PBXProject "CoreDataSensorsReadings" */;
			compatibilityVersion = "Xcode 9.3";
			developmentRegion = en;
			hasScannedForEncodings = 0;
			knownRegions = (
				en,
				Base,
			);
			mainGroup = F960F00723B2C33200017361;
			productRefGroup = F960F01123B2C33200017361 /* Products */;
			projectDirPath = "";
			projectRoot = "";
			targets = (
				F960F00F23B2C33200017361 /* CoreDataSensorsReadings */,
			);
		};
/* End PBXProject section */

/* Begin PBXResourcesBuildPhase section */
		F960F00E23B2C33200017361 /* Resources */ = {
			isa = PBXResourcesBuildPhase;
			buildActionMask = 2147483647;
			files = (
				F960F02123B2C33C00017361 /* LaunchScreen.storyboard in Resources */,
				F960F01E23B2C33C00017361 /* Assets.xcassets in Resources */,
				F960F01923B2C33200017361 /* Main.storyboard in Resources */,
			);
			runOnlyForDeploymentPostprocessing = 0;
		};
/* End PBXResourcesBuildPhase section */

/* Begin PBXSourcesBuildPhase section */
		F960F00C23B2C33200017361 /* Sources */ = {
			isa = PBXSourcesBuildPhase;
			buildActionMask = 2147483647;
			files = (
				F960F01623B2C33200017361 /* ViewController.swift in Sources */,
				F960F01423B2C33200017361 /* AppDelegate.swift in Sources */,
				F960F01C23B2C33200017361 /* CoreDataSensorsReadings.xcdatamodeld in Sources */,
			);
			runOnlyForDeploymentPostprocessing = 0;
		};
/* End PBXSourcesBuildPhase section */

/* Begin PBXVariantGroup section */
		F960F01723B2C33200017361 /* Main.storyboard */ = {
			isa = PBXVariantGroup;
			children = (
				F960F01823B2C33200017361 /* Base */,
			);
			name = Main.storyboard;
			sourceTree = "<group>";
		};
		F960F01F23B2C33C00017361 /* LaunchScreen.storyboard */ = {
			isa = PBXVariantGroup;
			children = (
				F960F02023B2C33C00017361 /* Base */,
			);
			name = LaunchScreen.storyboard;
			sourceTree = "<group>";
		};
/* End PBXVariantGroup section */

/* Begin XCBuildConfiguration section */
		F960F02323B2C33C00017361 /* Debug */ = {
			isa = XCBuildConfiguration;
			buildSettings = {
				ALWAYS_SEARCH_USER_PATHS = NO;
				CLANG_ANALYZER_NONNULL = YES;
				CLANG_ANALYZER_NUMBER_OBJECT_CONVERSION = YES_AGGRESSIVE;
				CLANG_CXX_LANGUAGE_STANDARD = "gnu++14";
				CLANG_CXX_LIBRARY = "libc++";
				CLANG_ENABLE_MODULES = YES;
				CLANG_ENABLE_OBJC_ARC = YES;
				CLANG_ENABLE_OBJC_WEAK = YES;
				CLANG_WARN_BLOCK_CAPTURE_AUTORELEASING = YES;
				CLANG_WARN_BOOL_CONVERSION = YES;
				CLANG_WARN_COMMA = YES;
				CLANG_WARN_CONSTANT_CONVERSION = YES;
				CLANG_WARN_DEPRECATED_OBJC_IMPLEMENTATIONS = YES;
				CLANG_WARN_DIRECT_OBJC_ISA_USAGE = YES_ERROR;
				CLANG_WARN_DOCUMENTATION_COMMENTS = YES;
				CLANG_WARN_EMPTY_BODY = YES;
				CLANG_WARN_ENUM_CONVERSION = YES;
				CLANG_WARN_INFINITE_RECURSION = YES;
				CLANG_WARN_INT_CONVERSION = YES;
				CLANG_WARN_NON_LITERAL_NULL_CONVERSION = YES;
				CLANG_WARN_OBJC_IMPLICIT_RETAIN_SELF = YES;
				CLANG_WARN_OBJC_LITERAL_CONVERSION = YES;
				CLANG_WARN_OBJC_ROOT_CLASS = YES_ERROR;
				CLANG_WARN_RANGE_LOOP_ANALYSIS = YES;
				CLANG_WARN_STRICT_PROTOTYPES = YES;
				CLANG_WARN_SUSPICIOUS_MOVE = YES;
				CLANG_WARN_UNGUARDED_AVAILABILITY = YES_AGGRESSIVE;
				CLANG_WARN_UNREACHABLE_CODE = YES;
				CLANG_WARN__DUPLICATE_METHOD_MATCH = YES;
				CODE_SIGN_IDENTITY = "iPhone Developer";
				COPY_PHASE_STRIP = NO;
				DEBUG_INFORMATION_FORMAT = dwarf;
				ENABLE_STRICT_OBJC_MSGSEND = YES;
				ENABLE_TESTABILITY = YES;
				GCC_C_LANGUAGE_STANDARD = gnu11;
				GCC_DYNAMIC_NO_PIC = NO;
				GCC_NO_COMMON_BLOCKS = YES;
				GCC_OPTIMIZATION_LEVEL = 0;
				GCC_PREPROCESSOR_DEFINITIONS = (
					"DEBUG=1",
					"$(inherited)",
				);
				GCC_WARN_64_TO_32_BIT_CONVERSION = YES;
				GCC_WARN_ABOUT_RETURN_TYPE = YES_ERROR;
				GCC_WARN_UNDECLARED_SELECTOR = YES;
				GCC_WARN_UNINITIALIZED_AUTOS = YES_AGGRESSIVE;
				GCC_WARN_UNUSED_FUNCTION = YES;
				GCC_WARN_UNUSED_VARIABLE = YES;
				IPHONEOS_DEPLOYMENT_TARGET = 12.0;
				MTL_ENABLE_DEBUG_INFO = INCLUDE_SOURCE;
				MTL_FAST_MATH = YES;
				ONLY_ACTIVE_ARCH = YES;
				SDKROOT = iphoneos;
				SWIFT_ACTIVE_COMPILATION_CONDITIONS = DEBUG;
				SWIFT_OPTIMIZATION_LEVEL = "-Onone";
			};
			name = Debug;
		};
		F960F02423B2C33C00017361 /* Release */ = {
			isa = XCBuildConfiguration;
			buildSettings = {
				ALWAYS_SEARCH_USER_PATHS = NO;
				CLANG_ANALYZER_NONNULL = YES;
				CLANG_ANALYZER_NUMBER_OBJECT_CONVERSION = YES_AGGRESSIVE;
				CLANG_CXX_LANGUAGE_STANDARD = "gnu++14";
				CLANG_CXX_LIBRARY = "libc++";
				CLANG_ENABLE_MODULES = YES;
				CLANG_ENABLE_OBJC_ARC = YES;
				CLANG_ENABLE_OBJC_WEAK = YES;
				CLANG_WARN_BLOCK_CAPTURE_AUTORELEASING = YES;
				CLANG_WARN_BOOL_CONVERSION = YES;
				CLANG_WARN_COMMA = YES;
				CLANG_WARN_CONSTANT_CONVERSION = YES;
				CLANG_WARN_DEPRECATED_OBJC_IMPLEMENTATIONS = YES;
				CLANG_WARN_DIRECT_OBJC_ISA_USAGE = YES_ERROR;
				CLANG_WARN_DOCUMENTATION_COMMENTS = YES;
				CLANG_WARN_EMPTY_BODY = YES;
				CLANG_WARN_ENUM_CONVERSION = YES;
				CLANG_WARN_INFINITE_RECURSION = YES;
				CLANG_WARN_INT_CONVERSION = YES;
				CLANG_WARN_NON_LITERAL_NULL_CONVERSION = YES;
				CLANG_WARN_OBJC_IMPLICIT_RETAIN_SELF = YES;
				CLANG_WARN_OBJC_LITERAL_CONVERSION = YES;
				CLANG_WARN_OBJC_ROOT_CLASS = YES_ERROR;
				CLANG_WARN_RANGE_LOOP_ANALYSIS = YES;
				CLANG_WARN_STRICT_PROTOTYPES = YES;
				CLANG_WARN_SUSPICIOUS_MOVE = YES;
				CLANG_WARN_UNGUARDED_AVAILABILITY = YES_AGGRESSIVE;
				CLANG_WARN_UNREACHABLE_CODE = YES;
				CLANG_WARN__DUPLICATE_METHOD_MATCH = YES;
				CODE_SIGN_IDENTITY = "iPhone Developer";
				COPY_PHASE_STRIP = NO;
				DEBUG_INFORMATION_FORMAT = "dwarf-with-dsym";
				ENABLE_NS_ASSERTIONS = NO;
				ENABLE_STRICT_OBJC_MSGSEND = YES;
				GCC_C_LANGUAGE_STANDARD = gnu11;
				GCC_NO_COMMON_BLOCKS = YES;
				GCC_WARN_64_TO_32_BIT_CONVERSION = YES;
				GCC_WARN_ABOUT_RETURN_TYPE = YES_ERROR;
				GCC_WARN_UNDECLARED_SELECTOR = YES;
				GCC_WARN_UNINITIALIZED_AUTOS = YES_AGGRESSIVE;
				GCC_WARN_UNUSED_FUNCTION = YES;
				GCC_WARN_UNUSED_VARIABLE = YES;
				IPHONEOS_DEPLOYMENT_TARGET = 12.0;
				MTL_ENABLE_DEBUG_INFO = NO;
				MTL_FAST_MATH = YES;
				SDKROOT = iphoneos;
				SWIFT_COMPILATION_MODE = wholemodule;
				SWIFT_OPTIMIZATION_LEVEL = "-O";
				VALIDATE_PRODUCT = YES;
			};
			name = Release;
		};
		F960F02623B2C33C00017361 /* Debug */ = {
			isa = XCBuildConfiguration;
			buildSettings = {
				ASSETCATALOG_COMPILER_APPICON_NAME = AppIcon;
				CODE_SIGN_STYLE = Automatic;
				INFOPLIST_FILE = CoreDataSensorsReadings/Info.plist;
				LD_RUNPATH_SEARCH_PATHS = (
					"$(inherited)",
					"@executable_path/Frameworks",
				);
				PRODUCT_BUNDLE_IDENTIFIER = com.dominik.CoreDataSensorsReadings;
				PRODUCT_NAME = "$(TARGET_NAME)";
				SWIFT_VERSION = 4.2;
				TARGETED_DEVICE_FAMILY = "1,2";
			};
			name = Debug;
		};
		F960F02723B2C33C00017361 /* Release */ = {
			isa = XCBuildConfiguration;
			buildSettings = {
				ASSETCATALOG_COMPILER_APPICON_NAME = AppIcon;
				CODE_SIGN_STYLE = Automatic;
				INFOPLIST_FILE = CoreDataSensorsReadings/Info.plist;
				LD_RUNPATH_SEARCH_PATHS = (
					"$(inherited)",
					"@executable_path/Frameworks",
				);
				PRODUCT_BUNDLE_IDENTIFIER = com.dominik.CoreDataSensorsReadings;
				PRODUCT_NAME = "$(TARGET_NAME)";
				SWIFT_VERSION = 4.2;
				TARGETED_DEVICE_FAMILY = "1,2";
			};
			name = Release;
		};
/* End XCBuildConfiguration section */

/* Begin XCConfigurationList section */
		F960F00B23B2C33200017361 /* Build configuration list for PBXProject "CoreDataSensorsReadings" */ = {
			isa = XCConfigurationList;
			buildConfigurations = (
				F960F02323B2C33C00017361 /* Debug */,
				F960F02423B2C33C00017361 /* Release */,
			);
			defaultConfigurationIsVisible = 0;
			defaultConfigurationName = Release;
		};
		F960F02523B2C33C00017361 /* Build configuration list for PBXNativeTarget "CoreDataSensorsReadings" */ = {
			isa = XCConfigurationList;
			buildConfigurations = (
				F960F02623B2C33C00017361 /* Debug */,
				F960F02723B2C33C00017361 /* Release */,
			);
			defaultConfigurationIsVisible = 0;
			defaultConfigurationName = Release;
		};
/* End XCConfigurationList section */

/* Begin XCVersionGroup section */
		F960F01A23B2C33200017361 /* CoreDataSensorsReadings.xcdatamodeld */ = {
			isa = XCVersionGroup;
			children = (
				F960F01B23B2C33200017361 /* CoreDataSensorsReadings.xcdatamodel */,
			);
			currentVersion = F960F01B23B2C33200017361 /* CoreDataSensorsReadings.xcdatamodel */;
			path = CoreDataSensorsReadings.xcdatamodeld;
			sourceTree = "<group>";
			versionGroupType = wrapper.xcdatamodel;
		};
/* End XCVersionGroup section */
	};
	rootObject = F960F00823B2C33200017361 /* Project object */;
}
